
Microsoft Visual Studio Solution File, Format Version 12.00
# Visual Studio Version 17
VisualStudioVersion = 17.10.35013.160
MinimumVisualStudioVersion = 10.0.40219.1
Project("{9A19103F-16F7-4668-BE54-9A1E7A4F7556}") = "CustomIdentity", "CustomIdentity\CustomIdentity.csproj", "{3DBA24B1-37B3-4E88-B348-C645A3A4CB0C}"
EndProject
Global
	GlobalSection(SolutionConfigurationPlatforms) = preSolution
		Debug|Any CPU = Debug|Any CPU
		Release|Any CPU = Release|Any CPU
	EndGlobalSection
	GlobalSection(ProjectConfigurationPlatforms) = postSolution
		{3DBA24B1-37B3-4E88-B348-C645A3A4CB0C}.Debug|Any CPU.ActiveCfg = Debug|Any CPU
		{3DBA24B1-37B3-4E88-B348-C645A3A4CB0C}.Debug|Any CPU.Build.0 = Debug|Any CPU
		{3DBA24B1-37B3-4E88-B348-C645A3A4CB0C}.Release|Any CPU.ActiveCfg = Release|Any CPU
		{3DBA24B1-37B3-4E88-B348-C645A3A4CB0C}.Release|Any CPU.Build.0 = Release|Any CPU
	EndGlobalSection
	GlobalSection(SolutionProperties) = preSolution
		HideSolutionNode = FALSE
	EndGlobalSection
	GlobalSection(ExtensibilityGlobals) = postSolution
		SolutionGuid = {A7E50339-B1FE-45D2-8FEC-1C13D1932B5E}
	EndGlobalSection
EndGlobal
